
Microsoft Visual Studio Solution File, Format Version 12.00
# Visual Studio Version 16
VisualStudioVersion = 16.0.29926.136
MinimumVisualStudioVersion = 10.0.40219.1
Project("{9A19103F-16F7-4668-BE54-9A1E7A4F7556}") = "Payment.Gateway", "payment.gateway\Payment.Gateway.csproj", "{AA6E82B6-DEC4-48BA-90DD-BE48C4501C55}"
EndProject
Project("{2150E333-8FDC-42A3-9474-1A3956D46DE8}") = "1.Presentation", "1.Presentation", "{398A7D01-872B-459F-9C37-40595C816ED8}"
EndProject
Project("{2150E333-8FDC-42A3-9474-1A3956D46DE8}") = "2.Application", "2.Application", "{D72FDAD0-CDC2-435F-BD02-1E28E1755710}"
EndProject
Project("{2150E333-8FDC-42A3-9474-1A3956D46DE8}") = "4.Infrastructure", "4.Infrastructure", "{5D0CB0EB-812D-4C2D-9832-706A759061BF}"
EndProject
Project("{2150E333-8FDC-42A3-9474-1A3956D46DE8}") = "3.Domain", "3.Domain", "{2EA2EF5D-A453-4347-AB8D-8AF37E4140FE}"
EndProject
Project("{9A19103F-16F7-4668-BE54-9A1E7A4F7556}") = "Payment.Domain", "payment.domain\Payment.Domain.csproj", "{9119F25F-9B7F-45FB-B02A-E34AAF1CAAB7}"
EndProject
Project("{2150E333-8FDC-42A3-9474-1A3956D46DE8}") = "3.2.Queries", "3.2.Queries", "{5F0D4F69-F35F-4097-B029-A98EA305B4D3}"
EndProject
Project("{2150E333-8FDC-42A3-9474-1A3956D46DE8}") = "3.3.Commands", "3.3.Commands", "{F8760901-60F6-4CC9-9A1D-327F4BACD5DA}"
EndProject
Project("{2150E333-8FDC-42A3-9474-1A3956D46DE8}") = "4.1.Data", "4.1.Data", "{EE0AF0EC-5695-4870-B44A-23AA309FD8BC}"
EndProject
Project("{2150E333-8FDC-42A3-9474-1A3956D46DE8}") = "4.2.CrossCutting", "4.2.CrossCutting", "{7CE04BFD-C23C-4F4C-BD2D-A6125A3AD2BC}"
EndProject
Project("{9A19103F-16F7-4668-BE54-9A1E7A4F7556}") = "Payment.Domain.Query", "payment.domain.query.model\Payment.Domain.Query.csproj", "{4E06ECA7-32F5-4B1A-801A-3B2465A09771}"
EndProject
Project("{9A19103F-16F7-4668-BE54-9A1E7A4F7556}") = "Payment.Infrastructure.Crosscutting", "payment.infrastructure.crosscutting\Payment.Infrastructure.Crosscutting.csproj", "{FF231F09-0055-4A79-A356-D59CAE307A64}"
EndProject
Project("{9A19103F-16F7-4668-BE54-9A1E7A4F7556}") = "Payment.Infrastructure.Crosscutting.Ioc", "payment.infrastructure.crosscutting.ioc\Payment.Infrastructure.Crosscutting.Ioc.csproj", "{536C299F-D652-4705-ADB3-38A1DA909DA2}"
EndProject
Project("{9A19103F-16F7-4668-BE54-9A1E7A4F7556}") = "Payment.Infrastructure.Crosscutting.Logging", "payment.infrastructure.crosscutting.logging\Payment.Infrastructure.Crosscutting.Logging.csproj", "{BF346D4F-C901-4F01-AE7C-CF4E9102B5B4}"
EndProject
Project("{9A19103F-16F7-4668-BE54-9A1E7A4F7556}") = "Payment.Application.Services", "payment.application.service\Payment.Application.Services.csproj", "{4491125A-F51A-4D0B-8785-4C3FE2B075D7}"
EndProject
Project("{9A19103F-16F7-4668-BE54-9A1E7A4F7556}") = "Payment.Account", "payment.account\Payment.Account.csproj", "{7E4F7187-85C1-43B8-8803-19EEF1641040}"
EndProject
Project("{9A19103F-16F7-4668-BE54-9A1E7A4F7556}") = "Payment.Infrastructure.Crosscutting.Kafka", "payment.crosscutting.kafka\Payment.Infrastructure.Crosscutting.Kafka.csproj", "{3389991E-11A7-4CF5-9186-A0D3DF6B0F78}"
EndProject
Project("{9A19103F-16F7-4668-BE54-9A1E7A4F7556}") = "Payment.Application.Messaging", "payment.application.messaging\Payment.Application.Messaging.csproj", "{12892CBC-0B14-421C-9B12-3322AD52DCC7}"
EndProject
Project("{9A19103F-16F7-4668-BE54-9A1E7A4F7556}") = "Payment.Domain.Commands", "payment.domain.commands\Payment.Domain.Commands.csproj", "{B208CA08-9D07-44C3-95E6-52414659877C}"
EndProject
Project("{9A19103F-16F7-4668-BE54-9A1E7A4F7556}") = "Payment.Bank", "payment.bank\Payment.Bank.csproj", "{CE3D74D8-2236-4A14-8D64-DBDB9A8B7878}"
EndProject
Project("{9A19103F-16F7-4668-BE54-9A1E7A4F7556}") = "Payment.Domain.Core", "payment.domain.even\Payment.Domain.Core.csproj", "{DA651BB6-6737-471D-AEBD-95BE20B2A19D}"
EndProject
Project("{2150E333-8FDC-42A3-9474-1A3956D46DE8}") = "3.0.Tests", "3.0.Tests", "{8EDBF44E-33FC-4DC2-9845-C2B9BBC0EE51}"
EndProject
Project("{9A19103F-16F7-4668-BE54-9A1E7A4F7556}") = "Payment.Domain.Tests", "payment.domain.tests\Payment.Domain.Tests.csproj", "{7D1C385B-8E2A-41E9-9EB9-B1A860601E84}"
EndProject
Project("{2150E333-8FDC-42A3-9474-1A3956D46DE8}") = "Tests", "Tests", "{A4D1DB47-F4AF-4979-8B12-221F1BA79A08}"
EndProject
Project("{9A19103F-16F7-4668-BE54-9A1E7A4F7556}") = "Payment.Application.Services.Tests", "payment.application.services.tests\Payment.Application.Services.Tests.csproj", "{AB64D731-569E-4B8A-B7E2-BCD7D2D64B77}"
EndProject
Project("{9A19103F-16F7-4668-BE54-9A1E7A4F7556}") = "Payment.Application.Messaging.Tests", "payment.application.messaging.tests\Payment.Application.Messaging.Tests.csproj", "{841B80BC-D9DF-461C-B28A-801D00C3C424}"
EndProject
Project("{2150E333-8FDC-42A3-9474-1A3956D46DE8}") = "3.1.Core", "3.1.Core", "{C8507323-EBE0-438F-8B3A-9BD19723BC06}"
EndProject
Project("{2150E333-8FDC-42A3-9474-1A3956D46DE8}") = "3.4.Events", "3.4.Events", "{09E84A79-FF49-4B6A-A0BB-1E46853CF926}"
EndProject
Project("{9A19103F-16F7-4668-BE54-9A1E7A4F7556}") = "Payment.Domain.Events", "Payment.Domain.Events\Payment.Domain.Events.csproj", "{675A7610-F95B-4E6A-8411-73F132840453}"
EndProject
Project("{9A19103F-16F7-4668-BE54-9A1E7A4F7556}") = "Payment.Infrastructure.Crosscutting.Bus", "Payment.Infrastructure.Crosscutting.Bus\Payment.Infrastructure.Crosscutting.Bus.csproj", "{840A1070-2F7A-4954-9B2E-CEAE98F2DC6A}"
EndProject
Project("{9A19103F-16F7-4668-BE54-9A1E7A4F7556}") = "Payment.Data", "payment.data\Payment.Data.csproj", "{25A17EE1-EEDF-4D6C-BB72-80E3DFEE790F}"
EndProject
Project("{9A19103F-16F7-4668-BE54-9A1E7A4F7556}") = "Payment.Data.EventSourcing", "payment.data.eventsourcing\Payment.Data.EventSourcing.csproj", "{1624FD33-7B36-4BC6-A801-678886D5FD94}"
EndProject
Global
	GlobalSection(SolutionConfigurationPlatforms) = preSolution
		Debug|Any CPU = Debug|Any CPU
		Release|Any CPU = Release|Any CPU
	EndGlobalSection
	GlobalSection(ProjectConfigurationPlatforms) = postSolution
		{AA6E82B6-DEC4-48BA-90DD-BE48C4501C55}.Debug|Any CPU.ActiveCfg = Debug|Any CPU
		{AA6E82B6-DEC4-48BA-90DD-BE48C4501C55}.Debug|Any CPU.Build.0 = Debug|Any CPU
		{AA6E82B6-DEC4-48BA-90DD-BE48C4501C55}.Release|Any CPU.ActiveCfg = Release|Any CPU
		{AA6E82B6-DEC4-48BA-90DD-BE48C4501C55}.Release|Any CPU.Build.0 = Release|Any CPU
		{9119F25F-9B7F-45FB-B02A-E34AAF1CAAB7}.Debug|Any CPU.ActiveCfg = Debug|Any CPU
		{9119F25F-9B7F-45FB-B02A-E34AAF1CAAB7}.Debug|Any CPU.Build.0 = Debug|Any CPU
		{9119F25F-9B7F-45FB-B02A-E34AAF1CAAB7}.Release|Any CPU.ActiveCfg = Release|Any CPU
		{9119F25F-9B7F-45FB-B02A-E34AAF1CAAB7}.Release|Any CPU.Build.0 = Release|Any CPU
		{4E06ECA7-32F5-4B1A-801A-3B2465A09771}.Debug|Any CPU.ActiveCfg = Debug|Any CPU
		{4E06ECA7-32F5-4B1A-801A-3B2465A09771}.Debug|Any CPU.Build.0 = Debug|Any CPU
		{4E06ECA7-32F5-4B1A-801A-3B2465A09771}.Release|Any CPU.ActiveCfg = Release|Any CPU
		{4E06ECA7-32F5-4B1A-801A-3B2465A09771}.Release|Any CPU.Build.0 = Release|Any CPU
		{FF231F09-0055-4A79-A356-D59CAE307A64}.Debug|Any CPU.ActiveCfg = Debug|Any CPU
		{FF231F09-0055-4A79-A356-D59CAE307A64}.Debug|Any CPU.Build.0 = Debug|Any CPU
		{FF231F09-0055-4A79-A356-D59CAE307A64}.Release|Any CPU.ActiveCfg = Release|Any CPU
		{FF231F09-0055-4A79-A356-D59CAE307A64}.Release|Any CPU.Build.0 = Release|Any CPU
		{536C299F-D652-4705-ADB3-38A1DA909DA2}.Debug|Any CPU.ActiveCfg = Debug|Any CPU
		{536C299F-D652-4705-ADB3-38A1DA909DA2}.Debug|Any CPU.Build.0 = Debug|Any CPU
		{536C299F-D652-4705-ADB3-38A1DA909DA2}.Release|Any CPU.ActiveCfg = Release|Any CPU
		{536C299F-D652-4705-ADB3-38A1DA909DA2}.Release|Any CPU.Build.0 = Release|Any CPU
		{BF346D4F-C901-4F01-AE7C-CF4E9102B5B4}.Debug|Any CPU.ActiveCfg = Debug|Any CPU
		{BF346D4F-C901-4F01-AE7C-CF4E9102B5B4}.Debug|Any CPU.Build.0 = Debug|Any CPU
		{BF346D4F-C901-4F01-AE7C-CF4E9102B5B4}.Release|Any CPU.ActiveCfg = Release|Any CPU
		{BF346D4F-C901-4F01-AE7C-CF4E9102B5B4}.Release|Any CPU.Build.0 = Release|Any CPU
		{4491125A-F51A-4D0B-8785-4C3FE2B075D7}.Debug|Any CPU.ActiveCfg = Debug|Any CPU
		{4491125A-F51A-4D0B-8785-4C3FE2B075D7}.Debug|Any CPU.Build.0 = Debug|Any CPU
		{4491125A-F51A-4D0B-8785-4C3FE2B075D7}.Release|Any CPU.ActiveCfg = Release|Any CPU
		{4491125A-F51A-4D0B-8785-4C3FE2B075D7}.Release|Any CPU.Build.0 = Release|Any CPU
		{7E4F7187-85C1-43B8-8803-19EEF1641040}.Debug|Any CPU.ActiveCfg = Debug|Any CPU
		{7E4F7187-85C1-43B8-8803-19EEF1641040}.Debug|Any CPU.Build.0 = Debug|Any CPU
		{7E4F7187-85C1-43B8-8803-19EEF1641040}.Release|Any CPU.ActiveCfg = Release|Any CPU
		{7E4F7187-85C1-43B8-8803-19EEF1641040}.Release|Any CPU.Build.0 = Release|Any CPU
		{3389991E-11A7-4CF5-9186-A0D3DF6B0F78}.Debug|Any CPU.ActiveCfg = Debug|Any CPU
		{3389991E-11A7-4CF5-9186-A0D3DF6B0F78}.Debug|Any CPU.Build.0 = Debug|Any CPU
		{3389991E-11A7-4CF5-9186-A0D3DF6B0F78}.Release|Any CPU.ActiveCfg = Release|Any CPU
		{3389991E-11A7-4CF5-9186-A0D3DF6B0F78}.Release|Any CPU.Build.0 = Release|Any CPU
		{12892CBC-0B14-421C-9B12-3322AD52DCC7}.Debug|Any CPU.ActiveCfg = Debug|Any CPU
		{12892CBC-0B14-421C-9B12-3322AD52DCC7}.Debug|Any CPU.Build.0 = Debug|Any CPU
		{12892CBC-0B14-421C-9B12-3322AD52DCC7}.Release|Any CPU.ActiveCfg = Release|Any CPU
		{12892CBC-0B14-421C-9B12-3322AD52DCC7}.Release|Any CPU.Build.0 = Release|Any CPU
		{B208CA08-9D07-44C3-95E6-52414659877C}.Debug|Any CPU.ActiveCfg = Debug|Any CPU
		{B208CA08-9D07-44C3-95E6-52414659877C}.Debug|Any CPU.Build.0 = Debug|Any CPU
		{B208CA08-9D07-44C3-95E6-52414659877C}.Release|Any CPU.ActiveCfg = Release|Any CPU
		{B208CA08-9D07-44C3-95E6-52414659877C}.Release|Any CPU.Build.0 = Release|Any CPU
		{CE3D74D8-2236-4A14-8D64-DBDB9A8B7878}.Debug|Any CPU.ActiveCfg = Debug|Any CPU
		{CE3D74D8-2236-4A14-8D64-DBDB9A8B7878}.Debug|Any CPU.Build.0 = Debug|Any CPU
		{CE3D74D8-2236-4A14-8D64-DBDB9A8B7878}.Release|Any CPU.ActiveCfg = Release|Any CPU
		{CE3D74D8-2236-4A14-8D64-DBDB9A8B7878}.Release|Any CPU.Build.0 = Release|Any CPU
		{DA651BB6-6737-471D-AEBD-95BE20B2A19D}.Debug|Any CPU.ActiveCfg = Debug|Any CPU
		{DA651BB6-6737-471D-AEBD-95BE20B2A19D}.Debug|Any CPU.Build.0 = Debug|Any CPU
		{DA651BB6-6737-471D-AEBD-95BE20B2A19D}.Release|Any CPU.ActiveCfg = Release|Any CPU
		{DA651BB6-6737-471D-AEBD-95BE20B2A19D}.Release|Any CPU.Build.0 = Release|Any CPU
		{7D1C385B-8E2A-41E9-9EB9-B1A860601E84}.Debug|Any CPU.ActiveCfg = Debug|Any CPU
		{7D1C385B-8E2A-41E9-9EB9-B1A860601E84}.Debug|Any CPU.Build.0 = Debug|Any CPU
		{7D1C385B-8E2A-41E9-9EB9-B1A860601E84}.Release|Any CPU.ActiveCfg = Release|Any CPU
		{7D1C385B-8E2A-41E9-9EB9-B1A860601E84}.Release|Any CPU.Build.0 = Release|Any CPU
		{AB64D731-569E-4B8A-B7E2-BCD7D2D64B77}.Debug|Any CPU.ActiveCfg = Debug|Any CPU
		{AB64D731-569E-4B8A-B7E2-BCD7D2D64B77}.Debug|Any CPU.Build.0 = Debug|Any CPU
		{AB64D731-569E-4B8A-B7E2-BCD7D2D64B77}.Release|Any CPU.ActiveCfg = Release|Any CPU
		{AB64D731-569E-4B8A-B7E2-BCD7D2D64B77}.Release|Any CPU.Build.0 = Release|Any CPU
		{841B80BC-D9DF-461C-B28A-801D00C3C424}.Debug|Any CPU.ActiveCfg = Debug|Any CPU
		{841B80BC-D9DF-461C-B28A-801D00C3C424}.Debug|Any CPU.Build.0 = Debug|Any CPU
		{841B80BC-D9DF-461C-B28A-801D00C3C424}.Release|Any CPU.ActiveCfg = Release|Any CPU
		{841B80BC-D9DF-461C-B28A-801D00C3C424}.Release|Any CPU.Build.0 = Release|Any CPU
		{675A7610-F95B-4E6A-8411-73F132840453}.Debug|Any CPU.ActiveCfg = Debug|Any CPU
		{675A7610-F95B-4E6A-8411-73F132840453}.Debug|Any CPU.Build.0 = Debug|Any CPU
		{675A7610-F95B-4E6A-8411-73F132840453}.Release|Any CPU.ActiveCfg = Release|Any CPU
		{675A7610-F95B-4E6A-8411-73F132840453}.Release|Any CPU.Build.0 = Release|Any CPU
		{840A1070-2F7A-4954-9B2E-CEAE98F2DC6A}.Debug|Any CPU.ActiveCfg = Debug|Any CPU
		{840A1070-2F7A-4954-9B2E-CEAE98F2DC6A}.Debug|Any CPU.Build.0 = Debug|Any CPU
		{840A1070-2F7A-4954-9B2E-CEAE98F2DC6A}.Release|Any CPU.ActiveCfg = Release|Any CPU
		{840A1070-2F7A-4954-9B2E-CEAE98F2DC6A}.Release|Any CPU.Build.0 = Release|Any CPU
		{25A17EE1-EEDF-4D6C-BB72-80E3DFEE790F}.Debug|Any CPU.ActiveCfg = Debug|Any CPU
		{25A17EE1-EEDF-4D6C-BB72-80E3DFEE790F}.Debug|Any CPU.Build.0 = Debug|Any CPU
		{25A17EE1-EEDF-4D6C-BB72-80E3DFEE790F}.Release|Any CPU.ActiveCfg = Release|Any CPU
		{25A17EE1-EEDF-4D6C-BB72-80E3DFEE790F}.Release|Any CPU.Build.0 = Release|Any CPU
		{1624FD33-7B36-4BC6-A801-678886D5FD94}.Debug|Any CPU.ActiveCfg = Debug|Any CPU
		{1624FD33-7B36-4BC6-A801-678886D5FD94}.Debug|Any CPU.Build.0 = Debug|Any CPU
		{1624FD33-7B36-4BC6-A801-678886D5FD94}.Release|Any CPU.ActiveCfg = Release|Any CPU
		{1624FD33-7B36-4BC6-A801-678886D5FD94}.Release|Any CPU.Build.0 = Release|Any CPU
	EndGlobalSection
	GlobalSection(SolutionProperties) = preSolution
		HideSolutionNode = FALSE
	EndGlobalSection
	GlobalSection(NestedProjects) = preSolution
		{AA6E82B6-DEC4-48BA-90DD-BE48C4501C55} = {398A7D01-872B-459F-9C37-40595C816ED8}
		{9119F25F-9B7F-45FB-B02A-E34AAF1CAAB7} = {2EA2EF5D-A453-4347-AB8D-8AF37E4140FE}
		{5F0D4F69-F35F-4097-B029-A98EA305B4D3} = {2EA2EF5D-A453-4347-AB8D-8AF37E4140FE}
		{F8760901-60F6-4CC9-9A1D-327F4BACD5DA} = {2EA2EF5D-A453-4347-AB8D-8AF37E4140FE}
		{EE0AF0EC-5695-4870-B44A-23AA309FD8BC} = {5D0CB0EB-812D-4C2D-9832-706A759061BF}
		{7CE04BFD-C23C-4F4C-BD2D-A6125A3AD2BC} = {5D0CB0EB-812D-4C2D-9832-706A759061BF}
		{4E06ECA7-32F5-4B1A-801A-3B2465A09771} = {5F0D4F69-F35F-4097-B029-A98EA305B4D3}
		{FF231F09-0055-4A79-A356-D59CAE307A64} = {7CE04BFD-C23C-4F4C-BD2D-A6125A3AD2BC}
		{536C299F-D652-4705-ADB3-38A1DA909DA2} = {7CE04BFD-C23C-4F4C-BD2D-A6125A3AD2BC}
		{BF346D4F-C901-4F01-AE7C-CF4E9102B5B4} = {7CE04BFD-C23C-4F4C-BD2D-A6125A3AD2BC}
		{4491125A-F51A-4D0B-8785-4C3FE2B075D7} = {D72FDAD0-CDC2-435F-BD02-1E28E1755710}
		{7E4F7187-85C1-43B8-8803-19EEF1641040} = {398A7D01-872B-459F-9C37-40595C816ED8}
		{3389991E-11A7-4CF5-9186-A0D3DF6B0F78} = {7CE04BFD-C23C-4F4C-BD2D-A6125A3AD2BC}
		{12892CBC-0B14-421C-9B12-3322AD52DCC7} = {D72FDAD0-CDC2-435F-BD02-1E28E1755710}
		{B208CA08-9D07-44C3-95E6-52414659877C} = {F8760901-60F6-4CC9-9A1D-327F4BACD5DA}
		{CE3D74D8-2236-4A14-8D64-DBDB9A8B7878} = {398A7D01-872B-459F-9C37-40595C816ED8}
		{DA651BB6-6737-471D-AEBD-95BE20B2A19D} = {C8507323-EBE0-438F-8B3A-9BD19723BC06}
		{8EDBF44E-33FC-4DC2-9845-C2B9BBC0EE51} = {2EA2EF5D-A453-4347-AB8D-8AF37E4140FE}
		{7D1C385B-8E2A-41E9-9EB9-B1A860601E84} = {8EDBF44E-33FC-4DC2-9845-C2B9BBC0EE51}
		{A4D1DB47-F4AF-4979-8B12-221F1BA79A08} = {D72FDAD0-CDC2-435F-BD02-1E28E1755710}
		{AB64D731-569E-4B8A-B7E2-BCD7D2D64B77} = {A4D1DB47-F4AF-4979-8B12-221F1BA79A08}
		{841B80BC-D9DF-461C-B28A-801D00C3C424} = {A4D1DB47-F4AF-4979-8B12-221F1BA79A08}
		{C8507323-EBE0-438F-8B3A-9BD19723BC06} = {2EA2EF5D-A453-4347-AB8D-8AF37E4140FE}
		{09E84A79-FF49-4B6A-A0BB-1E46853CF926} = {2EA2EF5D-A453-4347-AB8D-8AF37E4140FE}
		{675A7610-F95B-4E6A-8411-73F132840453} = {09E84A79-FF49-4B6A-A0BB-1E46853CF926}
		{840A1070-2F7A-4954-9B2E-CEAE98F2DC6A} = {7CE04BFD-C23C-4F4C-BD2D-A6125A3AD2BC}
		{25A17EE1-EEDF-4D6C-BB72-80E3DFEE790F} = {EE0AF0EC-5695-4870-B44A-23AA309FD8BC}
		{1624FD33-7B36-4BC6-A801-678886D5FD94} = {EE0AF0EC-5695-4870-B44A-23AA309FD8BC}
	EndGlobalSection
	GlobalSection(ExtensibilityGlobals) = postSolution
		SolutionGuid = {72FBB479-140E-48EB-A8C0-5E7FF7F2EA65}
	EndGlobalSection
EndGlobal
